// !$*UTF8*$!
{
	archiveVersion = 1;
	classes = {
	};
	objectVersion = 55;
	objects = {

/* Begin PBXBuildFile section */
		43958B2627778D15001AB110 /* GuessGameApp.swift in Sources */ = {isa = PBXBuildFile; fileRef = 43958B2527778D15001AB110 /* GuessGameApp.swift */; };
		43958B2827778D15001AB110 /* ContentView.swift in Sources */ = {isa = PBXBuildFile; fileRef = 43958B2727778D15001AB110 /* ContentView.swift */; };
		43958B2D27778D16001AB110 /* Preview Assets.xcassets in Resources */ = {isa = PBXBuildFile; fileRef = 43958B2C27778D16001AB110 /* Preview Assets.xcassets */; };
		43958B3427778DA9001AB110 /* Assets.xcassets in Resources */ = {isa = PBXBuildFile; fileRef = 43958B3327778DA9001AB110 /* Assets.xcassets */; };
		43958B3727778E8E001AB110 /* PrimaryButton.swift in Sources */ = {isa = PBXBuildFile; fileRef = 43958B3627778E8E001AB110 /* PrimaryButton.swift */; };
		43958B3A277790EE001AB110 /* Extensions.swift in Sources */ = {isa = PBXBuildFile; fileRef = 43958B39277790EE001AB110 /* Extensions.swift */; };
		43958B3C2777916E001AB110 /* QuestionView.swift in Sources */ = {isa = PBXBuildFile; fileRef = 43958B3B2777916E001AB110 /* QuestionView.swift */; };
		43958B3E2777924E001AB110 /* ProgressBar.swift in Sources */ = {isa = PBXBuildFile; fileRef = 43958B3D2777924E001AB110 /* ProgressBar.swift */; };
		43958B44277794E7001AB110 /* Answer.swift in Sources */ = {isa = PBXBuildFile; fileRef = 43958B43277794E7001AB110 /* Answer.swift */; };
		43958B4627779534001AB110 /* AnswerRow.swift in Sources */ = {isa = PBXBuildFile; fileRef = 43958B4527779534001AB110 /* AnswerRow.swift */; };
		43958B4827779A0F001AB110 /* TriviaView.swift in Sources */ = {isa = PBXBuildFile; fileRef = 43958B4727779A0F001AB110 /* TriviaView.swift */; };
		43958B4A27779BA4001AB110 /* Trivia.swift in Sources */ = {isa = PBXBuildFile; fileRef = 43958B4927779BA4001AB110 /* Trivia.swift */; };
		43958B4C27784C43001AB110 /* TriviaManager.swift in Sources */ = {isa = PBXBuildFile; fileRef = 43958B4B27784C43001AB110 /* TriviaManager.swift */; };
/* End PBXBuildFile section */

/* Begin PBXFileReference section */
		43958B2227778D15001AB110 /* GuessGame.app */ = {isa = PBXFileReference; explicitFileType = wrapper.application; includeInIndex = 0; path = GuessGame.app; sourceTree = BUILT_PRODUCTS_DIR; };
		43958B2527778D15001AB110 /* GuessGameApp.swift */ = {isa = PBXFileReference; lastKnownFileType = sourcecode.swift; path = GuessGameApp.swift; sourceTree = "<group>"; };
		43958B2727778D15001AB110 /* ContentView.swift */ = {isa = PBXFileReference; lastKnownFileType = sourcecode.swift; path = ContentView.swift; sourceTree = "<group>"; };
		43958B2C27778D16001AB110 /* Preview Assets.xcassets */ = {isa = PBXFileReference; lastKnownFileType = folder.assetcatalog; path = "Preview Assets.xcassets"; sourceTree = "<group>"; };
		43958B3327778DA9001AB110 /* Assets.xcassets */ = {isa = PBXFileReference; lastKnownFileType = folder.assetcatalog; path = Assets.xcassets; sourceTree = "<group>"; };
		43958B3627778E8E001AB110 /* PrimaryButton.swift */ = {isa = PBXFileReference; lastKnownFileType = sourcecode.swift; path = PrimaryButton.swift; sourceTree = "<group>"; };
		43958B39277790EE001AB110 /* Extensions.swift */ = {isa = PBXFileReference; lastKnownFileType = sourcecode.swift; path = Extensions.swift; sourceTree = "<group>"; };
		43958B3B2777916E001AB110 /* QuestionView.swift */ = {isa = PBXFileReference; lastKnownFileType = sourcecode.swift; path = QuestionView.swift; sourceTree = "<group>"; };
		43958B3D2777924E001AB110 /* ProgressBar.swift */ = {isa = PBXFileReference; lastKnownFileType = sourcecode.swift; path = ProgressBar.swift; sourceTree = "<group>"; };
		43958B43277794E7001AB110 /* Answer.swift */ = {isa = PBXFileReference; lastKnownFileType = sourcecode.swift; path = Answer.swift; sourceTree = "<group>"; };
		43958B4527779534001AB110 /* AnswerRow.swift */ = {isa = PBXFileReference; lastKnownFileType = sourcecode.swift; path = AnswerRow.swift; sourceTree = "<group>"; };
		43958B4727779A0F001AB110 /* TriviaView.swift */ = {isa = PBXFileReference; lastKnownFileType = sourcecode.swift; path = TriviaView.swift; sourceTree = "<group>"; };
		43958B4927779BA4001AB110 /* Trivia.swift */ = {isa = PBXFileReference; lastKnownFileType = sourcecode.swift; path = Trivia.swift; sourceTree = "<group>"; };
		43958B4B27784C43001AB110 /* TriviaManager.swift */ = {isa = PBXFileReference; lastKnownFileType = sourcecode.swift; path = TriviaManager.swift; sourceTree = "<group>"; };
/* End PBXFileReference section */

/* Begin PBXFrameworksBuildPhase section */
		43958B1F27778D15001AB110 /* Frameworks */ = {
			isa = PBXFrameworksBuildPhase;
			buildActionMask = 2147483647;
			files = (
			);
			runOnlyForDeploymentPostprocessing = 0;
		};
/* End PBXFrameworksBuildPhase section */

/* Begin PBXGroup section */
		43958B1927778D15001AB110 = {
			isa = PBXGroup;
			children = (
				43958B2427778D15001AB110 /* GuessGame */,
				43958B2327778D15001AB110 /* Products */,
			);
			sourceTree = "<group>";
		};
		43958B2327778D15001AB110 /* Products */ = {
			isa = PBXGroup;
			children = (
				43958B2227778D15001AB110 /* GuessGame.app */,
			);
			name = Products;
			sourceTree = "<group>";
		};
		43958B2427778D15001AB110 /* GuessGame */ = {
			isa = PBXGroup;
			children = (
				43958B4E27785E57001AB110 /* Extensions */,
				43958B4D27785E46001AB110 /* ViewModel */,
				43958B42277794C3001AB110 /* Models */,
				43958B3827778F59001AB110 /* Views */,
				43958B3527778E6B001AB110 /* Components */,
				43958B3327778DA9001AB110 /* Assets.xcassets */,
				43958B2B27778D16001AB110 /* Preview Content */,
			);
			path = GuessGame;
			sourceTree = "<group>";
		};
		43958B2B27778D16001AB110 /* Preview Content */ = {
			isa = PBXGroup;
			children = (
				43958B2C27778D16001AB110 /* Preview Assets.xcassets */,
			);
			path = "Preview Content";
			sourceTree = "<group>";
		};
		43958B3527778E6B001AB110 /* Components */ = {
			isa = PBXGroup;
			children = (
				43958B3627778E8E001AB110 /* PrimaryButton.swift */,
				43958B3D2777924E001AB110 /* ProgressBar.swift */,
				43958B4527779534001AB110 /* AnswerRow.swift */,
			);
			path = Components;
			sourceTree = "<group>";
		};
		43958B3827778F59001AB110 /* Views */ = {
			isa = PBXGroup;
			children = (
				43958B2527778D15001AB110 /* GuessGameApp.swift */,
				43958B2727778D15001AB110 /* ContentView.swift */,
				43958B3B2777916E001AB110 /* QuestionView.swift */,
				43958B4727779A0F001AB110 /* TriviaView.swift */,
			);
			path = Views;
			sourceTree = "<group>";
		};
		43958B42277794C3001AB110 /* Models */ = {
			isa = PBXGroup;
			children = (
				43958B43277794E7001AB110 /* Answer.swift */,
				43958B4927779BA4001AB110 /* Trivia.swift */,
			);
			path = Models;
			sourceTree = "<group>";
		};
		43958B4D27785E46001AB110 /* ViewModel */ = {
			isa = PBXGroup;
			children = (
				43958B4B27784C43001AB110 /* TriviaManager.swift */,
			);
			path = ViewModel;
			sourceTree = "<group>";
		};
		43958B4E27785E57001AB110 /* Extensions */ = {
			isa = PBXGroup;
			children = (
				43958B39277790EE001AB110 /* Extensions.swift */,
			);
			path = Extensions;
			sourceTree = "<group>";
		};
/* End PBXGroup section */

/* Begin PBXNativeTarget section */
		43958B2127778D15001AB110 /* GuessGame */ = {
			isa = PBXNativeTarget;
			buildConfigurationList = 43958B3027778D16001AB110 /* Build configuration list for PBXNativeTarget "GuessGame" */;
			buildPhases = (
				43958B1E27778D15001AB110 /* Sources */,
				43958B1F27778D15001AB110 /* Frameworks */,
				43958B2027778D15001AB110 /* Resources */,
			);
			buildRules = (
			);
			dependencies = (
			);
			name = GuessGame;
			productName = GuessGame;
			productReference = 43958B2227778D15001AB110 /* GuessGame.app */;
			productType = "com.apple.product-type.application";
		};
/* End PBXNativeTarget section */

/* Begin PBXProject section */
		43958B1A27778D15001AB110 /* Project object */ = {
			isa = PBXProject;
			attributes = {
				BuildIndependentTargetsInParallel = 1;
				LastSwiftUpdateCheck = 1320;
				LastUpgradeCheck = 1320;
				TargetAttributes = {
					43958B2127778D15001AB110 = {
						CreatedOnToolsVersion = 13.2;
					};
				};
			};
			buildConfigurationList = 43958B1D27778D15001AB110 /* Build configuration list for PBXProject "GuessGame" */;
			compatibilityVersion = "Xcode 13.0";
			developmentRegion = en;
			hasScannedForEncodings = 0;
			knownRegions = (
				en,
				Base,
			);
			mainGroup = 43958B1927778D15001AB110;
			productRefGroup = 43958B2327778D15001AB110 /* Products */;
			projectDirPath = "";
			projectRoot = "";
			targets = (
				43958B2127778D15001AB110 /* GuessGame */,
			);
		};
/* End PBXProject section */

/* Begin PBXResourcesBuildPhase section */
		43958B2027778D15001AB110 /* Resources */ = {
			isa = PBXResourcesBuildPhase;
			buildActionMask = 2147483647;
			files = (
				43958B3427778DA9001AB110 /* Assets.xcassets in Resources */,
				43958B2D27778D16001AB110 /* Preview Assets.xcassets in Resources */,
			);
			runOnlyForDeploymentPostprocessing = 0;
		};
/* End PBXResourcesBuildPhase section */

/* Begin PBXSourcesBuildPhase section */
		43958B1E27778D15001AB110 /* Sources */ = {
			isa = PBXSourcesBuildPhase;
			buildActionMask = 2147483647;
			files = (
				43958B3C2777916E001AB110 /* QuestionView.swift in Sources */,
				43958B4827779A0F001AB110 /* TriviaView.swift in Sources */,
				43958B4A27779BA4001AB110 /* Trivia.swift in Sources */,
				43958B3727778E8E001AB110 /* PrimaryButton.swift in Sources */,
				43958B4C27784C43001AB110 /* TriviaManager.swift in Sources */,
				43958B4627779534001AB110 /* AnswerRow.swift in Sources */,
				43958B2827778D15001AB110 /* ContentView.swift in Sources */,
				43958B44277794E7001AB110 /* Answer.swift in Sources */,
				43958B2627778D15001AB110 /* GuessGameApp.swift in Sources */,
				43958B3E2777924E001AB110 /* ProgressBar.swift in Sources */,
				43958B3A277790EE001AB110 /* Extensions.swift in Sources */,
			);
			runOnlyForDeploymentPostprocessing = 0;
		};
/* End PBXSourcesBuildPhase section */

/* Begin XCBuildConfiguration section */
		43958B2E27778D16001AB110 /* Debug */ = {
			isa = XCBuildConfiguration;
			buildSettings = {
				ALWAYS_SEARCH_USER_PATHS = NO;
				CLANG_ANALYZER_NONNULL = YES;
				CLANG_ANALYZER_NUMBER_OBJECT_CONVERSION = YES_AGGRESSIVE;
				CLANG_CXX_LANGUAGE_STANDARD = "gnu++17";
				CLANG_CXX_LIBRARY = "libc++";
				CLANG_ENABLE_MODULES = YES;
				CLANG_ENABLE_OBJC_ARC = YES;
				CLANG_ENABLE_OBJC_WEAK = YES;
				CLANG_WARN_BLOCK_CAPTURE_AUTORELEASING = YES;
				CLANG_WARN_BOOL_CONVERSION = YES;
				CLANG_WARN_COMMA = YES;
				CLANG_WARN_CONSTANT_CONVERSION = YES;
				CLANG_WARN_DEPRECATED_OBJC_IMPLEMENTATIONS = YES;
				CLANG_WARN_DIRECT_OBJC_ISA_USAGE = YES_ERROR;
				CLANG_WARN_DOCUMENTATION_COMMENTS = YES;
				CLANG_WARN_EMPTY_BODY = YES;
				CLANG_WARN_ENUM_CONVERSION = YES;
				CLANG_WARN_INFINITE_RECURSION = YES;
				CLANG_WARN_INT_CONVERSION = YES;
				CLANG_WARN_NON_LITERAL_NULL_CONVERSION = YES;
				CLANG_WARN_OBJC_IMPLICIT_RETAIN_SELF = YES;
				CLANG_WARN_OBJC_LITERAL_CONVERSION = YES;
				CLANG_WARN_OBJC_ROOT_CLASS = YES_ERROR;
				CLANG_WARN_QUOTED_INCLUDE_IN_FRAMEWORK_HEADER = YES;
				CLANG_WARN_RANGE_LOOP_ANALYSIS = YES;
				CLANG_WARN_STRICT_PROTOTYPES = YES;
				CLANG_WARN_SUSPICIOUS_MOVE = YES;
				CLANG_WARN_UNGUARDED_AVAILABILITY = YES_AGGRESSIVE;
				CLANG_WARN_UNREACHABLE_CODE = YES;
				CLANG_WARN__DUPLICATE_METHOD_MATCH = YES;
				COPY_PHASE_STRIP = NO;
				DEBUG_INFORMATION_FORMAT = dwarf;
				ENABLE_STRICT_OBJC_MSGSEND = YES;
				ENABLE_TESTABILITY = YES;
				GCC_C_LANGUAGE_STANDARD = gnu11;
				GCC_DYNAMIC_NO_PIC = NO;
				GCC_NO_COMMON_BLOCKS = YES;
				GCC_OPTIMIZATION_LEVEL = 0;
				GCC_PREPROCESSOR_DEFINITIONS = (
					"DEBUG=1",
					"$(inherited)",
				);
				GCC_WARN_64_TO_32_BIT_CONVERSION = YES;
				GCC_WARN_ABOUT_RETURN_TYPE = YES_ERROR;
				GCC_WARN_UNDECLARED_SELECTOR = YES;
				GCC_WARN_UNINITIALIZED_AUTOS = YES_AGGRESSIVE;
				GCC_WARN_UNUSED_FUNCTION = YES;
				GCC_WARN_UNUSED_VARIABLE = YES;
				IPHONEOS_DEPLOYMENT_TARGET = 15.2;
				MTL_ENABLE_DEBUG_INFO = INCLUDE_SOURCE;
				MTL_FAST_MATH = YES;
				ONLY_ACTIVE_ARCH = YES;
				SDKROOT = iphoneos;
				SWIFT_ACTIVE_COMPILATION_CONDITIONS = DEBUG;
				SWIFT_OPTIMIZATION_LEVEL = "-Onone";
			};
			name = Debug;
		};
		43958B2F27778D16001AB110 /* Release */ = {
			isa = XCBuildConfiguration;
			buildSettings = {
				ALWAYS_SEARCH_USER_PATHS = NO;
				CLANG_ANALYZER_NONNULL = YES;
				CLANG_ANALYZER_NUMBER_OBJECT_CONVERSION = YES_AGGRESSIVE;
				CLANG_CXX_LANGUAGE_STANDARD = "gnu++17";
				CLANG_CXX_LIBRARY = "libc++";
				CLANG_ENABLE_MODULES = YES;
				CLANG_ENABLE_OBJC_ARC = YES;
				CLANG_ENABLE_OBJC_WEAK = YES;
				CLANG_WARN_BLOCK_CAPTURE_AUTORELEASING = YES;
				CLANG_WARN_BOOL_CONVERSION = YES;
				CLANG_WARN_COMMA = YES;
				CLANG_WARN_CONSTANT_CONVERSION = YES;
				CLANG_WARN_DEPRECATED_OBJC_IMPLEMENTATIONS = YES;
				CLANG_WARN_DIRECT_OBJC_ISA_USAGE = YES_ERROR;
				CLANG_WARN_DOCUMENTATION_COMMENTS = YES;
				CLANG_WARN_EMPTY_BODY = YES;
				CLANG_WARN_ENUM_CONVERSION = YES;
				CLANG_WARN_INFINITE_RECURSION = YES;
				CLANG_WARN_INT_CONVERSION = YES;
				CLANG_WARN_NON_LITERAL_NULL_CONVERSION = YES;
				CLANG_WARN_OBJC_IMPLICIT_RETAIN_SELF = YES;
				CLANG_WARN_OBJC_LITERAL_CONVERSION = YES;
				CLANG_WARN_OBJC_ROOT_CLASS = YES_ERROR;
				CLANG_WARN_QUOTED_INCLUDE_IN_FRAMEWORK_HEADER = YES;
				CLANG_WARN_RANGE_LOOP_ANALYSIS = YES;
				CLANG_WARN_STRICT_PROTOTYPES = YES;
				CLANG_WARN_SUSPICIOUS_MOVE = YES;
				CLANG_WARN_UNGUARDED_AVAILABILITY = YES_AGGRESSIVE;
				CLANG_WARN_UNREACHABLE_CODE = YES;
				CLANG_WARN__DUPLICATE_METHOD_MATCH = YES;
				COPY_PHASE_STRIP = NO;
				DEBUG_INFORMATION_FORMAT = "dwarf-with-dsym";
				ENABLE_NS_ASSERTIONS = NO;
				ENABLE_STRICT_OBJC_MSGSEND = YES;
				GCC_C_LANGUAGE_STANDARD = gnu11;
				GCC_NO_COMMON_BLOCKS = YES;
				GCC_WARN_64_TO_32_BIT_CONVERSION = YES;
				GCC_WARN_ABOUT_RETURN_TYPE = YES_ERROR;
				GCC_WARN_UNDECLARED_SELECTOR = YES;
				GCC_WARN_UNINITIALIZED_AUTOS = YES_AGGRESSIVE;
				GCC_WARN_UNUSED_FUNCTION = YES;
				GCC_WARN_UNUSED_VARIABLE = YES;
				IPHONEOS_DEPLOYMENT_TARGET = 15.2;
				MTL_ENABLE_DEBUG_INFO = NO;
				MTL_FAST_MATH = YES;
				SDKROOT = iphoneos;
				SWIFT_COMPILATION_MODE = wholemodule;
				SWIFT_OPTIMIZATION_LEVEL = "-O";
				VALIDATE_PRODUCT = YES;
			};
			name = Release;
		};
		43958B3127778D16001AB110 /* Debug */ = {
			isa = XCBuildConfiguration;
			buildSettings = {
				ASSETCATALOG_COMPILER_APPICON_NAME = AppIcon;
				ASSETCATALOG_COMPILER_GLOBAL_ACCENT_COLOR_NAME = AccentColor;
				ASSETCATALOG_COMPILER_INCLUDE_ALL_APPICON_ASSETS = YES;
				CODE_SIGN_STYLE = Automatic;
				CURRENT_PROJECT_VERSION = 1;
				DEVELOPMENT_ASSET_PATHS = "\"GuessGame/Preview Content\"";
				DEVELOPMENT_TEAM = QAHF5QF5CA;
				ENABLE_PREVIEWS = YES;
				GENERATE_INFOPLIST_FILE = YES;
				INFOPLIST_KEY_UIApplicationSceneManifest_Generation = YES;
				INFOPLIST_KEY_UIApplicationSupportsIndirectInputEvents = YES;
				INFOPLIST_KEY_UILaunchScreen_Generation = YES;
				INFOPLIST_KEY_UISupportedInterfaceOrientations_iPad = "UIInterfaceOrientationPortrait UIInterfaceOrientationPortraitUpsideDown UIInterfaceOrientationLandscapeLeft UIInterfaceOrientationLandscapeRight";
				INFOPLIST_KEY_UISupportedInterfaceOrientations_iPhone = "UIInterfaceOrientationPortrait UIInterfaceOrientationLandscapeLeft UIInterfaceOrientationLandscapeRight";
				LD_RUNPATH_SEARCH_PATHS = (
					"$(inherited)",
					"@executable_path/Frameworks",
				);
				MARKETING_VERSION = 1.0;
				PRODUCT_BUNDLE_IDENTIFIER = com.gaalbaat.GuessGame;
				PRODUCT_NAME = "$(TARGET_NAME)";
				SWIFT_EMIT_LOC_STRINGS = YES;
				SWIFT_VERSION = 5.0;
				TARGETED_DEVICE_FAMILY = "1,2";
			};
			name = Debug;
		};
		43958B3227778D16001AB110 /* Release */ = {
			isa = XCBuildConfiguration;
			buildSettings = {
				ASSETCATALOG_COMPILER_APPICON_NAME = AppIcon;
				ASSETCATALOG_COMPILER_GLOBAL_ACCENT_COLOR_NAME = AccentColor;
				ASSETCATALOG_COMPILER_INCLUDE_ALL_APPICON_ASSETS = YES;
				CODE_SIGN_STYLE = Automatic;
				CURRENT_PROJECT_VERSION = 1;
				DEVELOPMENT_ASSET_PATHS = "\"GuessGame/Preview Content\"";
				DEVELOPMENT_TEAM = QAHF5QF5CA;
				ENABLE_PREVIEWS = YES;
				GENERATE_INFOPLIST_FILE = YES;
				INFOPLIST_KEY_UIApplicationSceneManifest_Generation = YES;
				INFOPLIST_KEY_UIApplicationSupportsIndirectInputEvents = YES;
				INFOPLIST_KEY_UILaunchScreen_Generation = YES;
				INFOPLIST_KEY_UISupportedInterfaceOrientations_iPad = "UIInterfaceOrientationPortrait UIInterfaceOrientationPortraitUpsideDown UIInterfaceOrientationLandscapeLeft UIInterfaceOrientationLandscapeRight";
				INFOPLIST_KEY_UISupportedInterfaceOrientations_iPhone = "UIInterfaceOrientationPortrait UIInterfaceOrientationLandscapeLeft UIInterfaceOrientationLandscapeRight";
				LD_RUNPATH_SEARCH_PATHS = (
					"$(inherited)",
					"@executable_path/Frameworks",
				);
				MARKETING_VERSION = 1.0;
				PRODUCT_BUNDLE_IDENTIFIER = com.gaalbaat.GuessGame;
				PRODUCT_NAME = "$(TARGET_NAME)";
				SWIFT_EMIT_LOC_STRINGS = YES;
				SWIFT_VERSION = 5.0;
				TARGETED_DEVICE_FAMILY = "1,2";
			};
			name = Release;
		};
/* End XCBuildConfiguration section */

/* Begin XCConfigurationList section */
		43958B1D27778D15001AB110 /* Build configuration list for PBXProject "GuessGame" */ = {
			isa = XCConfigurationList;
			buildConfigurations = (
				43958B2E27778D16001AB110 /* Debug */,
				43958B2F27778D16001AB110 /* Release */,
			);
			defaultConfigurationIsVisible = 0;
			defaultConfigurationName = Release;
		};
		43958B3027778D16001AB110 /* Build configuration list for PBXNativeTarget "GuessGame" */ = {
			isa = XCConfigurationList;
			buildConfigurations = (
				43958B3127778D16001AB110 /* Debug */,
				43958B3227778D16001AB110 /* Release */,
			);
			defaultConfigurationIsVisible = 0;
			defaultConfigurationName = Release;
		};
/* End XCConfigurationList section */
	};
	rootObject = 43958B1A27778D15001AB110 /* Project object */;
}
